
Microsoft Visual Studio Solution File, Format Version 12.00
# Visual Studio Version 16
VisualStudioVersion = 16.0.32413.511
MinimumVisualStudioVersion = 10.0.40219.1
Project("{FAE04EC0-301F-11D3-BF4B-00C04F79EFBC}") = "Sliding Window Median", "Sliding Window Median\Sliding Window Median.csproj", "{941E6AEE-DB9B-457E-9E2E-52DD17266B68}"
EndProject
Global
	GlobalSection(SolutionConfigurationPlatforms) = preSolution
		Debug|Any CPU = Debug|Any CPU
		Release|Any CPU = Release|Any CPU
	EndGlobalSection
	GlobalSection(ProjectConfigurationPlatforms) = postSolution
		{941E6AEE-DB9B-457E-9E2E-52DD17266B68}.Debug|Any CPU.ActiveCfg = Debug|Any CPU
		{941E6AEE-DB9B-457E-9E2E-52DD17266B68}.Debug|Any CPU.Build.0 = Debug|Any CPU
		{941E6AEE-DB9B-457E-9E2E-52DD17266B68}.Release|Any CPU.ActiveCfg = Release|Any CPU
		{941E6AEE-DB9B-457E-9E2E-52DD17266B68}.Release|Any CPU.Build.0 = Release|Any CPU
	EndGlobalSection
	GlobalSection(SolutionProperties) = preSolution
		HideSolutionNode = FALSE
	EndGlobalSection
	GlobalSection(ExtensibilityGlobals) = postSolution
		SolutionGuid = {B4A384E6-8A09-482A-BA7B-C1E84B63F592}
	EndGlobalSection
EndGlobal
